// !$*UTF8*$!
{
	archiveVersion = 1;
	classes = {
	};
	objectVersion = 52;
	objects = {

/* Begin PBXBuildFile section */
		DD74BB402721610B00ECE8AA /* SnapKit in Frameworks */ = {isa = PBXBuildFile; productRef = DD74BB3F2721610B00ECE8AA /* SnapKit */; };
		DD74BB432721612100ECE8AA /* Then in Frameworks */ = {isa = PBXBuildFile; productRef = DD74BB422721612100ECE8AA /* Then */; };
		DD74BB462721613700ECE8AA /* RxCocoa in Frameworks */ = {isa = PBXBuildFile; productRef = DD74BB452721613700ECE8AA /* RxCocoa */; };
		DD74BB482721613700ECE8AA /* RxRelay in Frameworks */ = {isa = PBXBuildFile; productRef = DD74BB472721613700ECE8AA /* RxRelay */; };
		DD74BB4A2721613700ECE8AA /* RxSwift in Frameworks */ = {isa = PBXBuildFile; productRef = DD74BB492721613700ECE8AA /* RxSwift */; };
		DD74BB4C2721630A00ECE8AA /* Image.swift in Sources */ = {isa = PBXBuildFile; fileRef = DD74BB4B2721630A00ECE8AA /* Image.swift */; };
		DD74BB4E2721691800ECE8AA /* AuthBaseView.swift in Sources */ = {isa = PBXBuildFile; fileRef = DD74BB4D2721691800ECE8AA /* AuthBaseView.swift */; };
		DD74BB502721694F00ECE8AA /* BaseViewController.swift in Sources */ = {isa = PBXBuildFile; fileRef = DD74BB4F2721694F00ECE8AA /* BaseViewController.swift */; };
		DD74BB55272171E200ECE8AA /* UIView+Extension.swift in Sources */ = {isa = PBXBuildFile; fileRef = DD74BB54272171E200ECE8AA /* UIView+Extension.swift */; };
		DD74BB572721720300ECE8AA /* UIStackView+Extension.swift in Sources */ = {isa = PBXBuildFile; fileRef = DD74BB562721720300ECE8AA /* UIStackView+Extension.swift */; };
		DD8111E32722A1D2002D38A0 /* TabBarController.swift in Sources */ = {isa = PBXBuildFile; fileRef = DD8111E22722A1D2002D38A0 /* TabBarController.swift */; };
		DD8111E52722A219002D38A0 /* HomeViewController.swift in Sources */ = {isa = PBXBuildFile; fileRef = DD8111E42722A219002D38A0 /* HomeViewController.swift */; };
		DD8111E72722A228002D38A0 /* ShortsViewController.swift in Sources */ = {isa = PBXBuildFile; fileRef = DD8111E62722A228002D38A0 /* ShortsViewController.swift */; };
		DD8111E92722A27D002D38A0 /* AdditionViewController.swift in Sources */ = {isa = PBXBuildFile; fileRef = DD8111E82722A27D002D38A0 /* AdditionViewController.swift */; };
		DD8111EB2722A2D9002D38A0 /* SubscriptionViewController.swift in Sources */ = {isa = PBXBuildFile; fileRef = DD8111EA2722A2D9002D38A0 /* SubscriptionViewController.swift */; };
		DD8111ED2722A302002D38A0 /* LibraryViewController.swift in Sources */ = {isa = PBXBuildFile; fileRef = DD8111EC2722A302002D38A0 /* LibraryViewController.swift */; };
		DD8111F02722B8EA002D38A0 /* TabBarItems.swift in Sources */ = {isa = PBXBuildFile; fileRef = DD8111EF2722B8EA002D38A0 /* TabBarItems.swift */; };
		DD81D3C7272A832A0066D159 /* MainNavigationController.swift in Sources */ = {isa = PBXBuildFile; fileRef = DD81D3C6272A83290066D159 /* MainNavigationController.swift */; };
		DD81D3CD272A8A7F0066D159 /* Story.swift in Sources */ = {isa = PBXBuildFile; fileRef = DD81D3CC272A8A7F0066D159 /* Story.swift */; };
		DD81D3CF272A8AC20066D159 /* StoryListModel.swift in Sources */ = {isa = PBXBuildFile; fileRef = DD81D3CE272A8AC20066D159 /* StoryListModel.swift */; };
		DD81D3D2272AA4650066D159 /* UIApplication+Extension.swift in Sources */ = {isa = PBXBuildFile; fileRef = DD81D3D1272AA4650066D159 /* UIApplication+Extension.swift */; };
		DD8655512729893E00E4D164 /* VideoTableViewCell.swift in Sources */ = {isa = PBXBuildFile; fileRef = DD8655502729893E00E4D164 /* VideoTableViewCell.swift */; };
		DD86555427299B1500E4D164 /* Video.swift in Sources */ = {isa = PBXBuildFile; fileRef = DD86555327299B1500E4D164 /* Video.swift */; };
		DD8655562729A07200E4D164 /* VideoListModel.swift in Sources */ = {isa = PBXBuildFile; fileRef = DD8655552729A07200E4D164 /* VideoListModel.swift */; };
		DD8655582729AB7600E4D164 /* VideoTableHeaderView.swift in Sources */ = {isa = PBXBuildFile; fileRef = DD8655572729AB7600E4D164 /* VideoTableHeaderView.swift */; };
		DD86555A2729AC9600E4D164 /* StoryCollectionViewCell.swift in Sources */ = {isa = PBXBuildFile; fileRef = DD8655592729AC9600E4D164 /* StoryCollectionViewCell.swift */; };
		DD91068E272C1C5200D425A0 /* UIViewController+Extension.swift in Sources */ = {isa = PBXBuildFile; fileRef = DD91068D272C1C5200D425A0 /* UIViewController+Extension.swift */; };
		DD954D51270D544400DD5A9B /* Colors.xcassets in Resources */ = {isa = PBXBuildFile; fileRef = DD954D50270D544400DD5A9B /* Colors.xcassets */; };
		DD954D54270D555A00DD5A9B /* GoogleButton.swift in Sources */ = {isa = PBXBuildFile; fileRef = DD954D53270D555A00DD5A9B /* GoogleButton.swift */; };
		DDB9449E27084CD40095570C /* AppDelegate.swift in Sources */ = {isa = PBXBuildFile; fileRef = DDB9449D27084CD40095570C /* AppDelegate.swift */; };
		DDB944A227084CD40095570C /* LoginViewController.swift in Sources */ = {isa = PBXBuildFile; fileRef = DDB944A127084CD40095570C /* LoginViewController.swift */; };
		DDB944A727084CD50095570C /* Assets.xcassets in Resources */ = {isa = PBXBuildFile; fileRef = DDB944A627084CD50095570C /* Assets.xcassets */; };
		DDB944AA27084CD50095570C /* LaunchScreen.storyboard in Resources */ = {isa = PBXBuildFile; fileRef = DDB944A827084CD50095570C /* LaunchScreen.storyboard */; };
		DDCD5059270D63F2004B0A9A /* GoogleTextField.swift in Sources */ = {isa = PBXBuildFile; fileRef = DDCD5058270D63F2004B0A9A /* GoogleTextField.swift */; };
		DDCD505B270D6597004B0A9A /* UITextField+Extension.swift in Sources */ = {isa = PBXBuildFile; fileRef = DDCD505A270D6597004B0A9A /* UITextField+Extension.swift */; };
		DDCD505E270D6ABC004B0A9A /* SignUpViewController.swift in Sources */ = {isa = PBXBuildFile; fileRef = DDCD505D270D6ABC004B0A9A /* SignUpViewController.swift */; };
		DDCD5061270D6D4E004B0A9A /* Const.swift in Sources */ = {isa = PBXBuildFile; fileRef = DDCD5060270D6D4E004B0A9A /* Const.swift */; };
		DDCD5067270D6FB4004B0A9A /* SignInViewController.swift in Sources */ = {isa = PBXBuildFile; fileRef = DDCD5066270D6FB4004B0A9A /* SignInViewController.swift */; };
		DDCD5069270D76C7004B0A9A /* UIButton+Extension.swift in Sources */ = {isa = PBXBuildFile; fileRef = DDCD5068270D76C7004B0A9A /* UIButton+Extension.swift */; };
		DDEC872B2728700A00C5C993 /* UITableView+Reusable.swift in Sources */ = {isa = PBXBuildFile; fileRef = DDEC872A2728700A00C5C993 /* UITableView+Reusable.swift */; };
		DDEC872D2728705800C5C993 /* UICollectionView+Reusable.swift in Sources */ = {isa = PBXBuildFile; fileRef = DDEC872C2728705800C5C993 /* UICollectionView+Reusable.swift */; };
		DDEC8730272870FE00C5C993 /* Reusable.swift in Sources */ = {isa = PBXBuildFile; fileRef = DDEC872F272870FE00C5C993 /* Reusable.swift */; };
		DDEC8732272871D200C5C993 /* Color.swift in Sources */ = {isa = PBXBuildFile; fileRef = DDEC8731272871D200C5C993 /* Color.swift */; };
		DDEC873B27287ABA00C5C993 /* BaseNavigationController.swift in Sources */ = {isa = PBXBuildFile; fileRef = DDEC873A27287ABA00C5C993 /* BaseNavigationController.swift */; };
		DDF0E5DF272AF3AB00F3DBE6 /* TypeCollectionViewCell.swift in Sources */ = {isa = PBXBuildFile; fileRef = DDF0E5DE272AF3AB00F3DBE6 /* TypeCollectionViewCell.swift */; };
/* End PBXBuildFile section */

/* Begin PBXFileReference section */
		DD74BB4B2721630A00ECE8AA /* Image.swift */ = {isa = PBXFileReference; lastKnownFileType = sourcecode.swift; path = Image.swift; sourceTree = "<group>"; };
		DD74BB4D2721691800ECE8AA /* AuthBaseView.swift */ = {isa = PBXFileReference; lastKnownFileType = sourcecode.swift; path = AuthBaseView.swift; sourceTree = "<group>"; };
		DD74BB4F2721694F00ECE8AA /* BaseViewController.swift */ = {isa = PBXFileReference; lastKnownFileType = sourcecode.swift; path = BaseViewController.swift; sourceTree = "<group>"; };
		DD74BB54272171E200ECE8AA /* UIView+Extension.swift */ = {isa = PBXFileReference; lastKnownFileType = sourcecode.swift; path = "UIView+Extension.swift"; sourceTree = "<group>"; };
		DD74BB562721720300ECE8AA /* UIStackView+Extension.swift */ = {isa = PBXFileReference; lastKnownFileType = sourcecode.swift; path = "UIStackView+Extension.swift"; sourceTree = "<group>"; };
		DD8111E22722A1D2002D38A0 /* TabBarController.swift */ = {isa = PBXFileReference; lastKnownFileType = sourcecode.swift; path = TabBarController.swift; sourceTree = "<group>"; };
		DD8111E42722A219002D38A0 /* HomeViewController.swift */ = {isa = PBXFileReference; lastKnownFileType = sourcecode.swift; path = HomeViewController.swift; sourceTree = "<group>"; };
		DD8111E62722A228002D38A0 /* ShortsViewController.swift */ = {isa = PBXFileReference; lastKnownFileType = sourcecode.swift; path = ShortsViewController.swift; sourceTree = "<group>"; };
		DD8111E82722A27D002D38A0 /* AdditionViewController.swift */ = {isa = PBXFileReference; lastKnownFileType = sourcecode.swift; path = AdditionViewController.swift; sourceTree = "<group>"; };
		DD8111EA2722A2D9002D38A0 /* SubscriptionViewController.swift */ = {isa = PBXFileReference; lastKnownFileType = sourcecode.swift; path = SubscriptionViewController.swift; sourceTree = "<group>"; };
		DD8111EC2722A302002D38A0 /* LibraryViewController.swift */ = {isa = PBXFileReference; lastKnownFileType = sourcecode.swift; path = LibraryViewController.swift; sourceTree = "<group>"; };
		DD8111EF2722B8EA002D38A0 /* TabBarItems.swift */ = {isa = PBXFileReference; lastKnownFileType = sourcecode.swift; path = TabBarItems.swift; sourceTree = "<group>"; };
		DD81D3C6272A83290066D159 /* MainNavigationController.swift */ = {isa = PBXFileReference; lastKnownFileType = sourcecode.swift; path = MainNavigationController.swift; sourceTree = "<group>"; };
		DD81D3CC272A8A7F0066D159 /* Story.swift */ = {isa = PBXFileReference; lastKnownFileType = sourcecode.swift; path = Story.swift; sourceTree = "<group>"; };
		DD81D3CE272A8AC20066D159 /* StoryListModel.swift */ = {isa = PBXFileReference; lastKnownFileType = sourcecode.swift; path = StoryListModel.swift; sourceTree = "<group>"; };
		DD81D3D1272AA4650066D159 /* UIApplication+Extension.swift */ = {isa = PBXFileReference; lastKnownFileType = sourcecode.swift; path = "UIApplication+Extension.swift"; sourceTree = "<group>"; };
		DD8655502729893E00E4D164 /* VideoTableViewCell.swift */ = {isa = PBXFileReference; lastKnownFileType = sourcecode.swift; path = VideoTableViewCell.swift; sourceTree = "<group>"; };
		DD86555327299B1500E4D164 /* Video.swift */ = {isa = PBXFileReference; lastKnownFileType = sourcecode.swift; path = Video.swift; sourceTree = "<group>"; };
		DD8655552729A07200E4D164 /* VideoListModel.swift */ = {isa = PBXFileReference; lastKnownFileType = sourcecode.swift; path = VideoListModel.swift; sourceTree = "<group>"; };
		DD8655572729AB7600E4D164 /* VideoTableHeaderView.swift */ = {isa = PBXFileReference; lastKnownFileType = sourcecode.swift; path = VideoTableHeaderView.swift; sourceTree = "<group>"; };
		DD8655592729AC9600E4D164 /* StoryCollectionViewCell.swift */ = {isa = PBXFileReference; lastKnownFileType = sourcecode.swift; path = StoryCollectionViewCell.swift; sourceTree = "<group>"; };
		DD91068D272C1C5200D425A0 /* UIViewController+Extension.swift */ = {isa = PBXFileReference; lastKnownFileType = sourcecode.swift; path = "UIViewController+Extension.swift"; sourceTree = "<group>"; };
		DD954D50270D544400DD5A9B /* Colors.xcassets */ = {isa = PBXFileReference; lastKnownFileType = folder.assetcatalog; path = Colors.xcassets; sourceTree = "<group>"; };
		DD954D53270D555A00DD5A9B /* GoogleButton.swift */ = {isa = PBXFileReference; lastKnownFileType = sourcecode.swift; path = GoogleButton.swift; sourceTree = "<group>"; };
		DDB9449A27084CD40095570C /* Youtube-Clone.app */ = {isa = PBXFileReference; explicitFileType = wrapper.application; includeInIndex = 0; path = "Youtube-Clone.app"; sourceTree = BUILT_PRODUCTS_DIR; };
		DDB9449D27084CD40095570C /* AppDelegate.swift */ = {isa = PBXFileReference; lastKnownFileType = sourcecode.swift; path = AppDelegate.swift; sourceTree = "<group>"; };
		DDB944A127084CD40095570C /* LoginViewController.swift */ = {isa = PBXFileReference; lastKnownFileType = sourcecode.swift; path = LoginViewController.swift; sourceTree = "<group>"; };
		DDB944A627084CD50095570C /* Assets.xcassets */ = {isa = PBXFileReference; lastKnownFileType = folder.assetcatalog; path = Assets.xcassets; sourceTree = "<group>"; };
		DDB944A927084CD50095570C /* Base */ = {isa = PBXFileReference; lastKnownFileType = file.storyboard; name = Base; path = Base.lproj/LaunchScreen.storyboard; sourceTree = "<group>"; };
		DDB944AB27084CD50095570C /* Info.plist */ = {isa = PBXFileReference; lastKnownFileType = text.plist.xml; path = Info.plist; sourceTree = "<group>"; };
		DDCD5058270D63F2004B0A9A /* GoogleTextField.swift */ = {isa = PBXFileReference; lastKnownFileType = sourcecode.swift; path = GoogleTextField.swift; sourceTree = "<group>"; };
		DDCD505A270D6597004B0A9A /* UITextField+Extension.swift */ = {isa = PBXFileReference; lastKnownFileType = sourcecode.swift; path = "UITextField+Extension.swift"; sourceTree = "<group>"; };
		DDCD505D270D6ABC004B0A9A /* SignUpViewController.swift */ = {isa = PBXFileReference; lastKnownFileType = sourcecode.swift; path = SignUpViewController.swift; sourceTree = "<group>"; };
		DDCD5060270D6D4E004B0A9A /* Const.swift */ = {isa = PBXFileReference; lastKnownFileType = sourcecode.swift; path = Const.swift; sourceTree = "<group>"; };
		DDCD5066270D6FB4004B0A9A /* SignInViewController.swift */ = {isa = PBXFileReference; lastKnownFileType = sourcecode.swift; path = SignInViewController.swift; sourceTree = "<group>"; };
		DDCD5068270D76C7004B0A9A /* UIButton+Extension.swift */ = {isa = PBXFileReference; lastKnownFileType = sourcecode.swift; path = "UIButton+Extension.swift"; sourceTree = "<group>"; };
		DDEC872A2728700A00C5C993 /* UITableView+Reusable.swift */ = {isa = PBXFileReference; lastKnownFileType = sourcecode.swift; path = "UITableView+Reusable.swift"; sourceTree = "<group>"; };
		DDEC872C2728705800C5C993 /* UICollectionView+Reusable.swift */ = {isa = PBXFileReference; lastKnownFileType = sourcecode.swift; path = "UICollectionView+Reusable.swift"; sourceTree = "<group>"; };
		DDEC872F272870FE00C5C993 /* Reusable.swift */ = {isa = PBXFileReference; lastKnownFileType = sourcecode.swift; path = Reusable.swift; sourceTree = "<group>"; };
		DDEC8731272871D200C5C993 /* Color.swift */ = {isa = PBXFileReference; lastKnownFileType = sourcecode.swift; path = Color.swift; sourceTree = "<group>"; };
		DDEC873A27287ABA00C5C993 /* BaseNavigationController.swift */ = {isa = PBXFileReference; lastKnownFileType = sourcecode.swift; path = BaseNavigationController.swift; sourceTree = "<group>"; };
		DDF0E5DE272AF3AB00F3DBE6 /* TypeCollectionViewCell.swift */ = {isa = PBXFileReference; lastKnownFileType = sourcecode.swift; path = TypeCollectionViewCell.swift; sourceTree = "<group>"; };
/* End PBXFileReference section */

/* Begin PBXFrameworksBuildPhase section */
		DDB9449727084CD40095570C /* Frameworks */ = {
			isa = PBXFrameworksBuildPhase;
			buildActionMask = 2147483647;
			files = (
				DD74BB462721613700ECE8AA /* RxCocoa in Frameworks */,
				DD74BB402721610B00ECE8AA /* SnapKit in Frameworks */,
				DD74BB4A2721613700ECE8AA /* RxSwift in Frameworks */,
				DD74BB482721613700ECE8AA /* RxRelay in Frameworks */,
				DD74BB432721612100ECE8AA /* Then in Frameworks */,
			);
			runOnlyForDeploymentPostprocessing = 0;
		};
/* End PBXFrameworksBuildPhase section */

/* Begin PBXGroup section */
		DD8111DF27229FC5002D38A0 /* View */ = {
			isa = PBXGroup;
			children = (
				DD74BB4D2721691800ECE8AA /* AuthBaseView.swift */,
			);
			path = View;
			sourceTree = "<group>";
		};
		DD8111E027229FCF002D38A0 /* ViewController */ = {
			isa = PBXGroup;
			children = (
				DDB944A127084CD40095570C /* LoginViewController.swift */,
				DDCD505D270D6ABC004B0A9A /* SignUpViewController.swift */,
				DDCD5066270D6FB4004B0A9A /* SignInViewController.swift */,
			);
			path = ViewController;
			sourceTree = "<group>";
		};
		DD8111EE2722B8DB002D38A0 /* AppModel */ = {
			isa = PBXGroup;
			children = (
				DD8111EF2722B8EA002D38A0 /* TabBarItems.swift */,
			);
			path = AppModel;
			sourceTree = "<group>";
		};
		DD86555227299AFA00E4D164 /* Model */ = {
			isa = PBXGroup;
			children = (
				DD86555327299B1500E4D164 /* Video.swift */,
				DD81D3CC272A8A7F0066D159 /* Story.swift */,
			);
			path = Model;
			sourceTree = "<group>";
		};
		DD86555B2729B07E00E4D164 /* Cell */ = {
			isa = PBXGroup;
			children = (
				DD8655502729893E00E4D164 /* VideoTableViewCell.swift */,
				DD8655592729AC9600E4D164 /* StoryCollectionViewCell.swift */,
				DDF0E5DE272AF3AB00F3DBE6 /* TypeCollectionViewCell.swift */,
			);
			path = Cell;
			sourceTree = "<group>";
		};
		DD86555C2729B08A00E4D164 /* View */ = {
			isa = PBXGroup;
			children = (
				DD8655572729AB7600E4D164 /* VideoTableHeaderView.swift */,
			);
			path = View;
			sourceTree = "<group>";
		};
		DD954D49270D48B500DD5A9B /* Auth */ = {
			isa = PBXGroup;
			children = (
				DD8111E027229FCF002D38A0 /* ViewController */,
				DD8111DF27229FC5002D38A0 /* View */,
			);
			path = Auth;
			sourceTree = "<group>";
		};
		DD954D52270D553400DD5A9B /* Components */ = {
			isa = PBXGroup;
			children = (
				DD954D53270D555A00DD5A9B /* GoogleButton.swift */,
				DDCD5058270D63F2004B0A9A /* GoogleTextField.swift */,
			);
			path = Components;
			sourceTree = "<group>";
		};
		DDB9449127084CD40095570C = {
			isa = PBXGroup;
			children = (
				DDB9449C27084CD40095570C /* Youtube-Clone */,
				DDB9449B27084CD40095570C /* Products */,
			);
			sourceTree = "<group>";
		};
		DDB9449B27084CD40095570C /* Products */ = {
			isa = PBXGroup;
			children = (
				DDB9449A27084CD40095570C /* Youtube-Clone.app */,
			);
			name = Products;
			sourceTree = "<group>";
		};
		DDB9449C27084CD40095570C /* Youtube-Clone */ = {
			isa = PBXGroup;
			children = (
				DDEC87332728730500C5C993 /* Global */,
				DDB944B5270851820095570C /* Screen */,
			);
			path = "Youtube-Clone";
			sourceTree = "<group>";
		};
		DDB944B1270851470095570C /* Resource */ = {
			isa = PBXGroup;
			children = (
				DDB944A627084CD50095570C /* Assets.xcassets */,
				DD954D50270D544400DD5A9B /* Colors.xcassets */,
				DDB944B2270851560095570C /* Storyboards */,
			);
			path = Resource;
			sourceTree = "<group>";
		};
		DDB944B2270851560095570C /* Storyboards */ = {
			isa = PBXGroup;
			children = (
				DDB944A827084CD50095570C /* LaunchScreen.storyboard */,
			);
			path = Storyboards;
			sourceTree = "<group>";
		};
		DDB944B5270851820095570C /* Screen */ = {
			isa = PBXGroup;
			children = (
				DD954D52270D553400DD5A9B /* Components */,
				DDEC8734272873A200C5C993 /* Base */,
				DD954D49270D48B500DD5A9B /* Auth */,
				DDEC8735272873CC00C5C993 /* Home */,
				DDEC8736272873D300C5C993 /* Shorts */,
				DDEC8737272873D900C5C993 /* Addition */,
				DDEC8738272873E600C5C993 /* Subscription */,
				DDEC8739272873EF00C5C993 /* Library */,
			);
			path = Screen;
			sourceTree = "<group>";
		};
		DDB944B62708519E0095570C /* Surpport */ = {
			isa = PBXGroup;
			children = (
				DDB944AB27084CD50095570C /* Info.plist */,
				DDB9449D27084CD40095570C /* AppDelegate.swift */,
			);
			path = Surpport;
			sourceTree = "<group>";
		};
		DDCD5055270D6110004B0A9A /* Extension */ = {
			isa = PBXGroup;
			children = (
				DDCD505A270D6597004B0A9A /* UITextField+Extension.swift */,
				DDCD5068270D76C7004B0A9A /* UIButton+Extension.swift */,
				DD74BB54272171E200ECE8AA /* UIView+Extension.swift */,
				DD74BB562721720300ECE8AA /* UIStackView+Extension.swift */,
				DDEC872A2728700A00C5C993 /* UITableView+Reusable.swift */,
				DDEC872C2728705800C5C993 /* UICollectionView+Reusable.swift */,
				DD81D3D1272AA4650066D159 /* UIApplication+Extension.swift */,
				DD91068D272C1C5200D425A0 /* UIViewController+Extension.swift */,
			);
			path = Extension;
			sourceTree = "<group>";
		};
		DDCD505F270D6D33004B0A9A /* Consts */ = {
			isa = PBXGroup;
			children = (
				DDCD5060270D6D4E004B0A9A /* Const.swift */,
				DD74BB4B2721630A00ECE8AA /* Image.swift */,
				DDEC8731272871D200C5C993 /* Color.swift */,
			);
			path = Consts;
			sourceTree = "<group>";
		};
		DDEC872E272870EE00C5C993 /* Protocol */ = {
			isa = PBXGroup;
			children = (
				DDEC872F272870FE00C5C993 /* Reusable.swift */,
			);
			path = Protocol;
			sourceTree = "<group>";
		};
		DDEC87332728730500C5C993 /* Global */ = {
			isa = PBXGroup;
			children = (
				DD86555227299AFA00E4D164 /* Model */,
				DD8111EE2722B8DB002D38A0 /* AppModel */,
				DDCD505F270D6D33004B0A9A /* Consts */,
				DDCD5055270D6110004B0A9A /* Extension */,
				DDB944B62708519E0095570C /* Surpport */,
				DDEC872E272870EE00C5C993 /* Protocol */,
				DDB944B1270851470095570C /* Resource */,
			);
			path = Global;
			sourceTree = "<group>";
		};
		DDEC8734272873A200C5C993 /* Base */ = {
			isa = PBXGroup;
			children = (
				DD74BB4F2721694F00ECE8AA /* BaseViewController.swift */,
				DDEC873A27287ABA00C5C993 /* BaseNavigationController.swift */,
				DD8111E22722A1D2002D38A0 /* TabBarController.swift */,
				DD81D3C6272A83290066D159 /* MainNavigationController.swift */,
			);
			path = Base;
			sourceTree = "<group>";
		};
		DDEC8735272873CC00C5C993 /* Home */ = {
			isa = PBXGroup;
			children = (
				DD86555C2729B08A00E4D164 /* View */,
				DD86555B2729B07E00E4D164 /* Cell */,
				DD8111E42722A219002D38A0 /* HomeViewController.swift */,
				DD8655552729A07200E4D164 /* VideoListModel.swift */,
				DD81D3CE272A8AC20066D159 /* StoryListModel.swift */,
			);
			path = Home;
			sourceTree = "<group>";
		};
		DDEC8736272873D300C5C993 /* Shorts */ = {
			isa = PBXGroup;
			children = (
				DD8111E62722A228002D38A0 /* ShortsViewController.swift */,
			);
			path = Shorts;
			sourceTree = "<group>";
		};
		DDEC8737272873D900C5C993 /* Addition */ = {
			isa = PBXGroup;
			children = (
				DD8111E82722A27D002D38A0 /* AdditionViewController.swift */,
			);
			path = Addition;
			sourceTree = "<group>";
		};
		DDEC8738272873E600C5C993 /* Subscription */ = {
			isa = PBXGroup;
			children = (
				DD8111EA2722A2D9002D38A0 /* SubscriptionViewController.swift */,
			);
			path = Subscription;
			sourceTree = "<group>";
		};
		DDEC8739272873EF00C5C993 /* Library */ = {
			isa = PBXGroup;
			children = (
				DD8111EC2722A302002D38A0 /* LibraryViewController.swift */,
			);
			path = Library;
			sourceTree = "<group>";
		};
/* End PBXGroup section */

/* Begin PBXNativeTarget section */
		DDB9449927084CD40095570C /* Youtube-Clone */ = {
			isa = PBXNativeTarget;
			buildConfigurationList = DDB944AE27084CD50095570C /* Build configuration list for PBXNativeTarget "Youtube-Clone" */;
			buildPhases = (
				DDB9449627084CD40095570C /* Sources */,
				DDB9449727084CD40095570C /* Frameworks */,
				DDB9449827084CD40095570C /* Resources */,
			);
			buildRules = (
			);
			dependencies = (
			);
			name = "Youtube-Clone";
			packageProductDependencies = (
				DD74BB3F2721610B00ECE8AA /* SnapKit */,
				DD74BB422721612100ECE8AA /* Then */,
				DD74BB452721613700ECE8AA /* RxCocoa */,
				DD74BB472721613700ECE8AA /* RxRelay */,
				DD74BB492721613700ECE8AA /* RxSwift */,
			);
			productName = "Youtube-Clone";
			productReference = DDB9449A27084CD40095570C /* Youtube-Clone.app */;
			productType = "com.apple.product-type.application";
		};
/* End PBXNativeTarget section */

/* Begin PBXProject section */
		DDB9449227084CD40095570C /* Project object */ = {
			isa = PBXProject;
			attributes = {
				LastSwiftUpdateCheck = 1250;
				LastUpgradeCheck = 1250;
				TargetAttributes = {
					DDB9449927084CD40095570C = {
						CreatedOnToolsVersion = 12.5.1;
					};
				};
			};
			buildConfigurationList = DDB9449527084CD40095570C /* Build configuration list for PBXProject "Youtube-Clone" */;
			compatibilityVersion = "Xcode 9.3";
			developmentRegion = en;
			hasScannedForEncodings = 0;
			knownRegions = (
				en,
				Base,
			);
			mainGroup = DDB9449127084CD40095570C;
			packageReferences = (
				DD74BB3E2721610B00ECE8AA /* XCRemoteSwiftPackageReference "SnapKit" */,
				DD74BB412721612000ECE8AA /* XCRemoteSwiftPackageReference "Then" */,
				DD74BB442721613700ECE8AA /* XCRemoteSwiftPackageReference "RxSwift" */,
			);
			productRefGroup = DDB9449B27084CD40095570C /* Products */;
			projectDirPath = "";
			projectRoot = "";
			targets = (
				DDB9449927084CD40095570C /* Youtube-Clone */,
			);
		};
/* End PBXProject section */

/* Begin PBXResourcesBuildPhase section */
		DDB9449827084CD40095570C /* Resources */ = {
			isa = PBXResourcesBuildPhase;
			buildActionMask = 2147483647;
			files = (
				DDB944AA27084CD50095570C /* LaunchScreen.storyboard in Resources */,
				DD954D51270D544400DD5A9B /* Colors.xcassets in Resources */,
				DDB944A727084CD50095570C /* Assets.xcassets in Resources */,
			);
			runOnlyForDeploymentPostprocessing = 0;
		};
/* End PBXResourcesBuildPhase section */

/* Begin PBXSourcesBuildPhase section */
		DDB9449627084CD40095570C /* Sources */ = {
			isa = PBXSourcesBuildPhase;
			buildActionMask = 2147483647;
			files = (
				DDEC873B27287ABA00C5C993 /* BaseNavigationController.swift in Sources */,
				DD8111E92722A27D002D38A0 /* AdditionViewController.swift in Sources */,
				DDCD5059270D63F2004B0A9A /* GoogleTextField.swift in Sources */,
				DD81D3CF272A8AC20066D159 /* StoryListModel.swift in Sources */,
				DD8655562729A07200E4D164 /* VideoListModel.swift in Sources */,
				DDB944A227084CD40095570C /* LoginViewController.swift in Sources */,
				DDCD5069270D76C7004B0A9A /* UIButton+Extension.swift in Sources */,
				DD86555427299B1500E4D164 /* Video.swift in Sources */,
				DDCD505E270D6ABC004B0A9A /* SignUpViewController.swift in Sources */,
				DDEC872B2728700A00C5C993 /* UITableView+Reusable.swift in Sources */,
				DD74BB4E2721691800ECE8AA /* AuthBaseView.swift in Sources */,
				DDCD505B270D6597004B0A9A /* UITextField+Extension.swift in Sources */,
				DD8111F02722B8EA002D38A0 /* TabBarItems.swift in Sources */,
				DD81D3D2272AA4650066D159 /* UIApplication+Extension.swift in Sources */,
				DD8111E72722A228002D38A0 /* ShortsViewController.swift in Sources */,
				DDB9449E27084CD40095570C /* AppDelegate.swift in Sources */,
				DDEC8730272870FE00C5C993 /* Reusable.swift in Sources */,
				DD8111ED2722A302002D38A0 /* LibraryViewController.swift in Sources */,
				DD86555A2729AC9600E4D164 /* StoryCollectionViewCell.swift in Sources */,
				DDEC872D2728705800C5C993 /* UICollectionView+Reusable.swift in Sources */,
				DD81D3C7272A832A0066D159 /* MainNavigationController.swift in Sources */,
				DD74BB572721720300ECE8AA /* UIStackView+Extension.swift in Sources */,
				DD91068E272C1C5200D425A0 /* UIViewController+Extension.swift in Sources */,
				DD74BB4C2721630A00ECE8AA /* Image.swift in Sources */,
				DD8111E32722A1D2002D38A0 /* TabBarController.swift in Sources */,
				DD8655582729AB7600E4D164 /* VideoTableHeaderView.swift in Sources */,
				DDEC8732272871D200C5C993 /* Color.swift in Sources */,
				DD954D54270D555A00DD5A9B /* GoogleButton.swift in Sources */,
				DD74BB55272171E200ECE8AA /* UIView+Extension.swift in Sources */,
				DD8111E52722A219002D38A0 /* HomeViewController.swift in Sources */,
				DDCD5067270D6FB4004B0A9A /* SignInViewController.swift in Sources */,
				DD8111EB2722A2D9002D38A0 /* SubscriptionViewController.swift in Sources */,
				DD74BB502721694F00ECE8AA /* BaseViewController.swift in Sources */,
				DDF0E5DF272AF3AB00F3DBE6 /* TypeCollectionViewCell.swift in Sources */,
				DDCD5061270D6D4E004B0A9A /* Const.swift in Sources */,
				DD8655512729893E00E4D164 /* VideoTableViewCell.swift in Sources */,
				DD81D3CD272A8A7F0066D159 /* Story.swift in Sources */,
			);
			runOnlyForDeploymentPostprocessing = 0;
		};
/* End PBXSourcesBuildPhase section */

/* Begin PBXVariantGroup section */
		DDB944A827084CD50095570C /* LaunchScreen.storyboard */ = {
			isa = PBXVariantGroup;
			children = (
				DDB944A927084CD50095570C /* Base */,
			);
			name = LaunchScreen.storyboard;
			sourceTree = "<group>";
		};
/* End PBXVariantGroup section */

/* Begin XCBuildConfiguration section */
		DDB944AC27084CD50095570C /* Debug */ = {
			isa = XCBuildConfiguration;
			buildSettings = {
				ALWAYS_SEARCH_USER_PATHS = NO;
				CLANG_ANALYZER_NONNULL = YES;
				CLANG_ANALYZER_NUMBER_OBJECT_CONVERSION = YES_AGGRESSIVE;
				CLANG_CXX_LANGUAGE_STANDARD = "gnu++14";
				CLANG_CXX_LIBRARY = "libc++";
				CLANG_ENABLE_MODULES = YES;
				CLANG_ENABLE_OBJC_ARC = YES;
				CLANG_ENABLE_OBJC_WEAK = YES;
				CLANG_WARN_BLOCK_CAPTURE_AUTORELEASING = YES;
				CLANG_WARN_BOOL_CONVERSION = YES;
				CLANG_WARN_COMMA = YES;
				CLANG_WARN_CONSTANT_CONVERSION = YES;
				CLANG_WARN_DEPRECATED_OBJC_IMPLEMENTATIONS = YES;
				CLANG_WARN_DIRECT_OBJC_ISA_USAGE = YES_ERROR;
				CLANG_WARN_DOCUMENTATION_COMMENTS = YES;
				CLANG_WARN_EMPTY_BODY = YES;
				CLANG_WARN_ENUM_CONVERSION = YES;
				CLANG_WARN_INFINITE_RECURSION = YES;
				CLANG_WARN_INT_CONVERSION = YES;
				CLANG_WARN_NON_LITERAL_NULL_CONVERSION = YES;
				CLANG_WARN_OBJC_IMPLICIT_RETAIN_SELF = YES;
				CLANG_WARN_OBJC_LITERAL_CONVERSION = YES;
				CLANG_WARN_OBJC_ROOT_CLASS = YES_ERROR;
				CLANG_WARN_QUOTED_INCLUDE_IN_FRAMEWORK_HEADER = YES;
				CLANG_WARN_RANGE_LOOP_ANALYSIS = YES;
				CLANG_WARN_STRICT_PROTOTYPES = YES;
				CLANG_WARN_SUSPICIOUS_MOVE = YES;
				CLANG_WARN_UNGUARDED_AVAILABILITY = YES_AGGRESSIVE;
				CLANG_WARN_UNREACHABLE_CODE = YES;
				CLANG_WARN__DUPLICATE_METHOD_MATCH = YES;
				COPY_PHASE_STRIP = NO;
				DEBUG_INFORMATION_FORMAT = dwarf;
				ENABLE_STRICT_OBJC_MSGSEND = YES;
				ENABLE_TESTABILITY = YES;
				GCC_C_LANGUAGE_STANDARD = gnu11;
				GCC_DYNAMIC_NO_PIC = NO;
				GCC_NO_COMMON_BLOCKS = YES;
				GCC_OPTIMIZATION_LEVEL = 0;
				GCC_PREPROCESSOR_DEFINITIONS = (
					"DEBUG=1",
					"$(inherited)",
				);
				GCC_WARN_64_TO_32_BIT_CONVERSION = YES;
				GCC_WARN_ABOUT_RETURN_TYPE = YES_ERROR;
				GCC_WARN_UNDECLARED_SELECTOR = YES;
				GCC_WARN_UNINITIALIZED_AUTOS = YES_AGGRESSIVE;
				GCC_WARN_UNUSED_FUNCTION = YES;
				GCC_WARN_UNUSED_VARIABLE = YES;
				IPHONEOS_DEPLOYMENT_TARGET = 14.5;
				MTL_ENABLE_DEBUG_INFO = INCLUDE_SOURCE;
				MTL_FAST_MATH = YES;
				ONLY_ACTIVE_ARCH = YES;
				SDKROOT = iphoneos;
				SWIFT_ACTIVE_COMPILATION_CONDITIONS = DEBUG;
				SWIFT_OPTIMIZATION_LEVEL = "-Onone";
			};
			name = Debug;
		};
		DDB944AD27084CD50095570C /* Release */ = {
			isa = XCBuildConfiguration;
			buildSettings = {
				ALWAYS_SEARCH_USER_PATHS = NO;
				CLANG_ANALYZER_NONNULL = YES;
				CLANG_ANALYZER_NUMBER_OBJECT_CONVERSION = YES_AGGRESSIVE;
				CLANG_CXX_LANGUAGE_STANDARD = "gnu++14";
				CLANG_CXX_LIBRARY = "libc++";
				CLANG_ENABLE_MODULES = YES;
				CLANG_ENABLE_OBJC_ARC = YES;
				CLANG_ENABLE_OBJC_WEAK = YES;
				CLANG_WARN_BLOCK_CAPTURE_AUTORELEASING = YES;
				CLANG_WARN_BOOL_CONVERSION = YES;
				CLANG_WARN_COMMA = YES;
				CLANG_WARN_CONSTANT_CONVERSION = YES;
				CLANG_WARN_DEPRECATED_OBJC_IMPLEMENTATIONS = YES;
				CLANG_WARN_DIRECT_OBJC_ISA_USAGE = YES_ERROR;
				CLANG_WARN_DOCUMENTATION_COMMENTS = YES;
				CLANG_WARN_EMPTY_BODY = YES;
				CLANG_WARN_ENUM_CONVERSION = YES;
				CLANG_WARN_INFINITE_RECURSION = YES;
				CLANG_WARN_INT_CONVERSION = YES;
				CLANG_WARN_NON_LITERAL_NULL_CONVERSION = YES;
				CLANG_WARN_OBJC_IMPLICIT_RETAIN_SELF = YES;
				CLANG_WARN_OBJC_LITERAL_CONVERSION = YES;
				CLANG_WARN_OBJC_ROOT_CLASS = YES_ERROR;
				CLANG_WARN_QUOTED_INCLUDE_IN_FRAMEWORK_HEADER = YES;
				CLANG_WARN_RANGE_LOOP_ANALYSIS = YES;
				CLANG_WARN_STRICT_PROTOTYPES = YES;
				CLANG_WARN_SUSPICIOUS_MOVE = YES;
				CLANG_WARN_UNGUARDED_AVAILABILITY = YES_AGGRESSIVE;
				CLANG_WARN_UNREACHABLE_CODE = YES;
				CLANG_WARN__DUPLICATE_METHOD_MATCH = YES;
				COPY_PHASE_STRIP = NO;
				DEBUG_INFORMATION_FORMAT = "dwarf-with-dsym";
				ENABLE_NS_ASSERTIONS = NO;
				ENABLE_STRICT_OBJC_MSGSEND = YES;
				GCC_C_LANGUAGE_STANDARD = gnu11;
				GCC_NO_COMMON_BLOCKS = YES;
				GCC_WARN_64_TO_32_BIT_CONVERSION = YES;
				GCC_WARN_ABOUT_RETURN_TYPE = YES_ERROR;
				GCC_WARN_UNDECLARED_SELECTOR = YES;
				GCC_WARN_UNINITIALIZED_AUTOS = YES_AGGRESSIVE;
				GCC_WARN_UNUSED_FUNCTION = YES;
				GCC_WARN_UNUSED_VARIABLE = YES;
				IPHONEOS_DEPLOYMENT_TARGET = 14.5;
				MTL_ENABLE_DEBUG_INFO = NO;
				MTL_FAST_MATH = YES;
				SDKROOT = iphoneos;
				SWIFT_COMPILATION_MODE = wholemodule;
				SWIFT_OPTIMIZATION_LEVEL = "-O";
				VALIDATE_PRODUCT = YES;
			};
			name = Release;
		};
		DDB944AF27084CD50095570C /* Debug */ = {
			isa = XCBuildConfiguration;
			buildSettings = {
				ASSETCATALOG_COMPILER_APPICON_NAME = AppIcon;
				ASSETCATALOG_COMPILER_GLOBAL_ACCENT_COLOR_NAME = AccentColor;
				CODE_SIGN_STYLE = Automatic;
				INFOPLIST_FILE = "Youtube-Clone/Global/Surpport/Info.plist";
				LD_RUNPATH_SEARCH_PATHS = (
					"$(inherited)",
					"@executable_path/Frameworks",
				);
				PRODUCT_BUNDLE_IDENTIFIER = "com.ezidayzi.Youtube-Clone";
				PRODUCT_NAME = "$(TARGET_NAME)";
				SWIFT_VERSION = 5.0;
				TARGETED_DEVICE_FAMILY = "1,2";
			};
			name = Debug;
		};
		DDB944B027084CD50095570C /* Release */ = {
			isa = XCBuildConfiguration;
			buildSettings = {
				ASSETCATALOG_COMPILER_APPICON_NAME = AppIcon;
				ASSETCATALOG_COMPILER_GLOBAL_ACCENT_COLOR_NAME = AccentColor;
				CODE_SIGN_STYLE = Automatic;
				INFOPLIST_FILE = "Youtube-Clone/Global/Surpport/Info.plist";
				LD_RUNPATH_SEARCH_PATHS = (
					"$(inherited)",
					"@executable_path/Frameworks",
				);
				PRODUCT_BUNDLE_IDENTIFIER = "com.ezidayzi.Youtube-Clone";
				PRODUCT_NAME = "$(TARGET_NAME)";
				SWIFT_VERSION = 5.0;
				TARGETED_DEVICE_FAMILY = "1,2";
			};
			name = Release;
		};
/* End XCBuildConfiguration section */

/* Begin XCConfigurationList section */
		DDB9449527084CD40095570C /* Build configuration list for PBXProject "Youtube-Clone" */ = {
			isa = XCConfigurationList;
			buildConfigurations = (
				DDB944AC27084CD50095570C /* Debug */,
				DDB944AD27084CD50095570C /* Release */,
			);
			defaultConfigurationIsVisible = 0;
			defaultConfigurationName = Release;
		};
		DDB944AE27084CD50095570C /* Build configuration list for PBXNativeTarget "Youtube-Clone" */ = {
			isa = XCConfigurationList;
			buildConfigurations = (
				DDB944AF27084CD50095570C /* Debug */,
				DDB944B027084CD50095570C /* Release */,
			);
			defaultConfigurationIsVisible = 0;
			defaultConfigurationName = Release;
		};
/* End XCConfigurationList section */

/* Begin XCRemoteSwiftPackageReference section */
		DD74BB3E2721610B00ECE8AA /* XCRemoteSwiftPackageReference "SnapKit" */ = {
			isa = XCRemoteSwiftPackageReference;
			repositoryURL = "https://github.com/SnapKit/SnapKit";
			requirement = {
				kind = upToNextMajorVersion;
				minimumVersion = 5.0.0;
			};
		};
		DD74BB412721612000ECE8AA /* XCRemoteSwiftPackageReference "Then" */ = {
			isa = XCRemoteSwiftPackageReference;
			repositoryURL = "https://github.com/devxoul/Then";
			requirement = {
				kind = upToNextMajorVersion;
				minimumVersion = 2.0.0;
			};
		};
		DD74BB442721613700ECE8AA /* XCRemoteSwiftPackageReference "RxSwift" */ = {
			isa = XCRemoteSwiftPackageReference;
			repositoryURL = "https://github.com/ReactiveX/RxSwift";
			requirement = {
				kind = upToNextMajorVersion;
				minimumVersion = 6.0.0;
			};
		};
/* End XCRemoteSwiftPackageReference section */

/* Begin XCSwiftPackageProductDependency section */
		DD74BB3F2721610B00ECE8AA /* SnapKit */ = {
			isa = XCSwiftPackageProductDependency;
			package = DD74BB3E2721610B00ECE8AA /* XCRemoteSwiftPackageReference "SnapKit" */;
			productName = SnapKit;
		};
		DD74BB422721612100ECE8AA /* Then */ = {
			isa = XCSwiftPackageProductDependency;
			package = DD74BB412721612000ECE8AA /* XCRemoteSwiftPackageReference "Then" */;
			productName = Then;
		};
		DD74BB452721613700ECE8AA /* RxCocoa */ = {
			isa = XCSwiftPackageProductDependency;
			package = DD74BB442721613700ECE8AA /* XCRemoteSwiftPackageReference "RxSwift" */;
			productName = RxCocoa;
		};
		DD74BB472721613700ECE8AA /* RxRelay */ = {
			isa = XCSwiftPackageProductDependency;
			package = DD74BB442721613700ECE8AA /* XCRemoteSwiftPackageReference "RxSwift" */;
			productName = RxRelay;
		};
		DD74BB492721613700ECE8AA /* RxSwift */ = {
			isa = XCSwiftPackageProductDependency;
			package = DD74BB442721613700ECE8AA /* XCRemoteSwiftPackageReference "RxSwift" */;
			productName = RxSwift;
		};
/* End XCSwiftPackageProductDependency section */
	};
	rootObject = DDB9449227084CD40095570C /* Project object */;
}
