// !$*UTF8*$!
{
	archiveVersion = 1;
	classes = {
	};
	objectVersion = 50;
	objects = {

/* Begin PBXBuildFile section */
		DD954D51270D544400DD5A9B /* Colors.xcassets in Resources */ = {isa = PBXBuildFile; fileRef = DD954D50270D544400DD5A9B /* Colors.xcassets */; };
		DD954D54270D555A00DD5A9B /* GoogleButton.swift in Sources */ = {isa = PBXBuildFile; fileRef = DD954D53270D555A00DD5A9B /* GoogleButton.swift */; };
		DDB9449E27084CD40095570C /* AppDelegate.swift in Sources */ = {isa = PBXBuildFile; fileRef = DDB9449D27084CD40095570C /* AppDelegate.swift */; };
		DDB944A027084CD40095570C /* SceneDelegate.swift in Sources */ = {isa = PBXBuildFile; fileRef = DDB9449F27084CD40095570C /* SceneDelegate.swift */; };
		DDB944A227084CD40095570C /* LoginViewController.swift in Sources */ = {isa = PBXBuildFile; fileRef = DDB944A127084CD40095570C /* LoginViewController.swift */; };
		DDB944A527084CD40095570C /* Auth.storyboard in Resources */ = {isa = PBXBuildFile; fileRef = DDB944A327084CD40095570C /* Auth.storyboard */; };
		DDB944A727084CD50095570C /* Assets.xcassets in Resources */ = {isa = PBXBuildFile; fileRef = DDB944A627084CD50095570C /* Assets.xcassets */; };
		DDB944AA27084CD50095570C /* LaunchScreen.storyboard in Resources */ = {isa = PBXBuildFile; fileRef = DDB944A827084CD50095570C /* LaunchScreen.storyboard */; };
		DDCD5057270D6124004B0A9A /* Color.swift in Sources */ = {isa = PBXBuildFile; fileRef = DDCD5056270D6124004B0A9A /* Color.swift */; };
		DDCD5059270D63F2004B0A9A /* GoogleTextField.swift in Sources */ = {isa = PBXBuildFile; fileRef = DDCD5058270D63F2004B0A9A /* GoogleTextField.swift */; };
		DDCD505B270D6597004B0A9A /* UITextField+Extension.swift in Sources */ = {isa = PBXBuildFile; fileRef = DDCD505A270D6597004B0A9A /* UITextField+Extension.swift */; };
		DDCD505E270D6ABC004B0A9A /* SignUpViewController.swift in Sources */ = {isa = PBXBuildFile; fileRef = DDCD505D270D6ABC004B0A9A /* SignUpViewController.swift */; };
		DDCD5061270D6D4E004B0A9A /* Const.swift in Sources */ = {isa = PBXBuildFile; fileRef = DDCD5060270D6D4E004B0A9A /* Const.swift */; };
		DDCD5063270D6D92004B0A9A /* Storyboard.swift in Sources */ = {isa = PBXBuildFile; fileRef = DDCD5062270D6D92004B0A9A /* Storyboard.swift */; };
		DDCD5065270D6DA2004B0A9A /* ViewController.swift in Sources */ = {isa = PBXBuildFile; fileRef = DDCD5064270D6DA2004B0A9A /* ViewController.swift */; };
		DDCD5067270D6FB4004B0A9A /* WelcomeViewController.swift in Sources */ = {isa = PBXBuildFile; fileRef = DDCD5066270D6FB4004B0A9A /* WelcomeViewController.swift */; };
		DDCD5069270D76C7004B0A9A /* UIButton+Extension.swift in Sources */ = {isa = PBXBuildFile; fileRef = DDCD5068270D76C7004B0A9A /* UIButton+Extension.swift */; };
/* End PBXBuildFile section */

/* Begin PBXFileReference section */
		DD954D50270D544400DD5A9B /* Colors.xcassets */ = {isa = PBXFileReference; lastKnownFileType = folder.assetcatalog; path = Colors.xcassets; sourceTree = "<group>"; };
		DD954D53270D555A00DD5A9B /* GoogleButton.swift */ = {isa = PBXFileReference; lastKnownFileType = sourcecode.swift; path = GoogleButton.swift; sourceTree = "<group>"; };
		DDB9449A27084CD40095570C /* Youtube-Clone.app */ = {isa = PBXFileReference; explicitFileType = wrapper.application; includeInIndex = 0; path = "Youtube-Clone.app"; sourceTree = BUILT_PRODUCTS_DIR; };
		DDB9449D27084CD40095570C /* AppDelegate.swift */ = {isa = PBXFileReference; lastKnownFileType = sourcecode.swift; path = AppDelegate.swift; sourceTree = "<group>"; };
		DDB9449F27084CD40095570C /* SceneDelegate.swift */ = {isa = PBXFileReference; lastKnownFileType = sourcecode.swift; path = SceneDelegate.swift; sourceTree = "<group>"; };
		DDB944A127084CD40095570C /* LoginViewController.swift */ = {isa = PBXFileReference; lastKnownFileType = sourcecode.swift; path = LoginViewController.swift; sourceTree = "<group>"; };
		DDB944A427084CD40095570C /* Base */ = {isa = PBXFileReference; lastKnownFileType = file.storyboard; name = Base; path = Base.lproj/Auth.storyboard; sourceTree = "<group>"; };
		DDB944A627084CD50095570C /* Assets.xcassets */ = {isa = PBXFileReference; lastKnownFileType = folder.assetcatalog; path = Assets.xcassets; sourceTree = "<group>"; };
		DDB944A927084CD50095570C /* Base */ = {isa = PBXFileReference; lastKnownFileType = file.storyboard; name = Base; path = Base.lproj/LaunchScreen.storyboard; sourceTree = "<group>"; };
		DDB944AB27084CD50095570C /* Info.plist */ = {isa = PBXFileReference; lastKnownFileType = text.plist.xml; path = Info.plist; sourceTree = "<group>"; };
		DDCD5056270D6124004B0A9A /* Color.swift */ = {isa = PBXFileReference; lastKnownFileType = sourcecode.swift; path = Color.swift; sourceTree = "<group>"; };
		DDCD5058270D63F2004B0A9A /* GoogleTextField.swift */ = {isa = PBXFileReference; lastKnownFileType = sourcecode.swift; path = GoogleTextField.swift; sourceTree = "<group>"; };
		DDCD505A270D6597004B0A9A /* UITextField+Extension.swift */ = {isa = PBXFileReference; lastKnownFileType = sourcecode.swift; path = "UITextField+Extension.swift"; sourceTree = "<group>"; };
		DDCD505D270D6ABC004B0A9A /* SignUpViewController.swift */ = {isa = PBXFileReference; lastKnownFileType = sourcecode.swift; path = SignUpViewController.swift; sourceTree = "<group>"; };
		DDCD5060270D6D4E004B0A9A /* Const.swift */ = {isa = PBXFileReference; lastKnownFileType = sourcecode.swift; path = Const.swift; sourceTree = "<group>"; };
		DDCD5062270D6D92004B0A9A /* Storyboard.swift */ = {isa = PBXFileReference; lastKnownFileType = sourcecode.swift; path = Storyboard.swift; sourceTree = "<group>"; };
		DDCD5064270D6DA2004B0A9A /* ViewController.swift */ = {isa = PBXFileReference; lastKnownFileType = sourcecode.swift; path = ViewController.swift; sourceTree = "<group>"; };
		DDCD5066270D6FB4004B0A9A /* WelcomeViewController.swift */ = {isa = PBXFileReference; lastKnownFileType = sourcecode.swift; path = WelcomeViewController.swift; sourceTree = "<group>"; };
		DDCD5068270D76C7004B0A9A /* UIButton+Extension.swift */ = {isa = PBXFileReference; lastKnownFileType = sourcecode.swift; path = "UIButton+Extension.swift"; sourceTree = "<group>"; };
/* End PBXFileReference section */

/* Begin PBXFrameworksBuildPhase section */
		DDB9449727084CD40095570C /* Frameworks */ = {
			isa = PBXFrameworksBuildPhase;
			buildActionMask = 2147483647;
			files = (
			);
			runOnlyForDeploymentPostprocessing = 0;
		};
/* End PBXFrameworksBuildPhase section */

/* Begin PBXGroup section */
		DD954D49270D48B500DD5A9B /* Auth */ = {
			isa = PBXGroup;
			children = (
				DDB944A127084CD40095570C /* LoginViewController.swift */,
				DDCD505D270D6ABC004B0A9A /* SignUpViewController.swift */,
				DDCD5066270D6FB4004B0A9A /* WelcomeViewController.swift */,
			);
			path = Auth;
			sourceTree = "<group>";
		};
		DD954D52270D553400DD5A9B /* Components */ = {
			isa = PBXGroup;
			children = (
				DD954D53270D555A00DD5A9B /* GoogleButton.swift */,
				DDCD5058270D63F2004B0A9A /* GoogleTextField.swift */,
			);
			path = Components;
			sourceTree = "<group>";
		};
		DDB9449127084CD40095570C = {
			isa = PBXGroup;
			children = (
				DDB9449C27084CD40095570C /* Youtube-Clone */,
				DDB9449B27084CD40095570C /* Products */,
			);
			sourceTree = "<group>";
		};
		DDB9449B27084CD40095570C /* Products */ = {
			isa = PBXGroup;
			children = (
				DDB9449A27084CD40095570C /* Youtube-Clone.app */,
			);
			name = Products;
			sourceTree = "<group>";
		};
		DDB9449C27084CD40095570C /* Youtube-Clone */ = {
			isa = PBXGroup;
			children = (
				DDB944B5270851820095570C /* Sources */,
				DDB944B1270851470095570C /* Resource */,
				DDB944AB27084CD50095570C /* Info.plist */,
			);
			path = "Youtube-Clone";
			sourceTree = "<group>";
		};
		DDB944B1270851470095570C /* Resource */ = {
			isa = PBXGroup;
			children = (
				DDB944A627084CD50095570C /* Assets.xcassets */,
				DD954D50270D544400DD5A9B /* Colors.xcassets */,
				DDB944B2270851560095570C /* Storyboards */,
			);
			path = Resource;
			sourceTree = "<group>";
		};
		DDB944B2270851560095570C /* Storyboards */ = {
			isa = PBXGroup;
			children = (
				DDB944A327084CD40095570C /* Auth.storyboard */,
				DDB944A827084CD50095570C /* LaunchScreen.storyboard */,
			);
			path = Storyboards;
			sourceTree = "<group>";
		};
		DDB944B5270851820095570C /* Sources */ = {
			isa = PBXGroup;
			children = (
				DDCD505F270D6D33004B0A9A /* Consts */,
				DDCD505C270D659D004B0A9A /* Utils */,
				DDCD5055270D6110004B0A9A /* Extensions */,
				DD954D52270D553400DD5A9B /* Components */,
				DDB944B8270851CE0095570C /* Scenes */,
				DDB944B62708519E0095570C /* Surpports */,
			);
			path = Sources;
			sourceTree = "<group>";
		};
		DDB944B62708519E0095570C /* Surpports */ = {
			isa = PBXGroup;
			children = (
				DDB9449D27084CD40095570C /* AppDelegate.swift */,
				DDB9449F27084CD40095570C /* SceneDelegate.swift */,
			);
			path = Surpports;
			sourceTree = "<group>";
		};
		DDB944B8270851CE0095570C /* Scenes */ = {
			isa = PBXGroup;
			children = (
				DD954D49270D48B500DD5A9B /* Auth */,
			);
			path = Scenes;
			sourceTree = "<group>";
		};
		DDCD5055270D6110004B0A9A /* Extensions */ = {
			isa = PBXGroup;
			children = (
				DDCD505A270D6597004B0A9A /* UITextField+Extension.swift */,
				DDCD5068270D76C7004B0A9A /* UIButton+Extension.swift */,
			);
			path = Extensions;
			sourceTree = "<group>";
		};
		DDCD505C270D659D004B0A9A /* Utils */ = {
			isa = PBXGroup;
			children = (
				DDCD5056270D6124004B0A9A /* Color.swift */,
			);
			path = Utils;
			sourceTree = "<group>";
		};
		DDCD505F270D6D33004B0A9A /* Consts */ = {
			isa = PBXGroup;
			children = (
				DDCD5060270D6D4E004B0A9A /* Const.swift */,
				DDCD5062270D6D92004B0A9A /* Storyboard.swift */,
				DDCD5064270D6DA2004B0A9A /* ViewController.swift */,
			);
			path = Consts;
			sourceTree = "<group>";
		};
/* End PBXGroup section */

/* Begin PBXNativeTarget section */
		DDB9449927084CD40095570C /* Youtube-Clone */ = {
			isa = PBXNativeTarget;
			buildConfigurationList = DDB944AE27084CD50095570C /* Build configuration list for PBXNativeTarget "Youtube-Clone" */;
			buildPhases = (
				DDB9449627084CD40095570C /* Sources */,
				DDB9449727084CD40095570C /* Frameworks */,
				DDB9449827084CD40095570C /* Resources */,
			);
			buildRules = (
			);
			dependencies = (
			);
			name = "Youtube-Clone";
			productName = "Youtube-Clone";
			productReference = DDB9449A27084CD40095570C /* Youtube-Clone.app */;
			productType = "com.apple.product-type.application";
		};
/* End PBXNativeTarget section */

/* Begin PBXProject section */
		DDB9449227084CD40095570C /* Project object */ = {
			isa = PBXProject;
			attributes = {
				LastSwiftUpdateCheck = 1250;
				LastUpgradeCheck = 1250;
				TargetAttributes = {
					DDB9449927084CD40095570C = {
						CreatedOnToolsVersion = 12.5.1;
					};
				};
			};
			buildConfigurationList = DDB9449527084CD40095570C /* Build configuration list for PBXProject "Youtube-Clone" */;
			compatibilityVersion = "Xcode 9.3";
			developmentRegion = en;
			hasScannedForEncodings = 0;
			knownRegions = (
				en,
				Base,
			);
			mainGroup = DDB9449127084CD40095570C;
			productRefGroup = DDB9449B27084CD40095570C /* Products */;
			projectDirPath = "";
			projectRoot = "";
			targets = (
				DDB9449927084CD40095570C /* Youtube-Clone */,
			);
		};
/* End PBXProject section */

/* Begin PBXResourcesBuildPhase section */
		DDB9449827084CD40095570C /* Resources */ = {
			isa = PBXResourcesBuildPhase;
			buildActionMask = 2147483647;
			files = (
				DDB944AA27084CD50095570C /* LaunchScreen.storyboard in Resources */,
				DD954D51270D544400DD5A9B /* Colors.xcassets in Resources */,
				DDB944A727084CD50095570C /* Assets.xcassets in Resources */,
				DDB944A527084CD40095570C /* Auth.storyboard in Resources */,
			);
			runOnlyForDeploymentPostprocessing = 0;
		};
/* End PBXResourcesBuildPhase section */

/* Begin PBXSourcesBuildPhase section */
		DDB9449627084CD40095570C /* Sources */ = {
			isa = PBXSourcesBuildPhase;
			buildActionMask = 2147483647;
			files = (
				DDCD5059270D63F2004B0A9A /* GoogleTextField.swift in Sources */,
				DDB944A227084CD40095570C /* LoginViewController.swift in Sources */,
				DDCD5069270D76C7004B0A9A /* UIButton+Extension.swift in Sources */,
				DDCD505E270D6ABC004B0A9A /* SignUpViewController.swift in Sources */,
				DDCD505B270D6597004B0A9A /* UITextField+Extension.swift in Sources */,
				DDCD5065270D6DA2004B0A9A /* ViewController.swift in Sources */,
				DDB9449E27084CD40095570C /* AppDelegate.swift in Sources */,
				DD954D54270D555A00DD5A9B /* GoogleButton.swift in Sources */,
				DDCD5063270D6D92004B0A9A /* Storyboard.swift in Sources */,
				DDCD5057270D6124004B0A9A /* Color.swift in Sources */,
				DDCD5067270D6FB4004B0A9A /* WelcomeViewController.swift in Sources */,
				DDCD5061270D6D4E004B0A9A /* Const.swift in Sources */,
				DDB944A027084CD40095570C /* SceneDelegate.swift in Sources */,
			);
			runOnlyForDeploymentPostprocessing = 0;
		};
/* End PBXSourcesBuildPhase section */

/* Begin PBXVariantGroup section */
		DDB944A327084CD40095570C /* Auth.storyboard */ = {
			isa = PBXVariantGroup;
			children = (
				DDB944A427084CD40095570C /* Base */,
			);
			name = Auth.storyboard;
			sourceTree = "<group>";
		};
		DDB944A827084CD50095570C /* LaunchScreen.storyboard */ = {
			isa = PBXVariantGroup;
			children = (
				DDB944A927084CD50095570C /* Base */,
			);
			name = LaunchScreen.storyboard;
			sourceTree = "<group>";
		};
/* End PBXVariantGroup section */

/* Begin XCBuildConfiguration section */
		DDB944AC27084CD50095570C /* Debug */ = {
			isa = XCBuildConfiguration;
			buildSettings = {
				ALWAYS_SEARCH_USER_PATHS = NO;
				CLANG_ANALYZER_NONNULL = YES;
				CLANG_ANALYZER_NUMBER_OBJECT_CONVERSION = YES_AGGRESSIVE;
				CLANG_CXX_LANGUAGE_STANDARD = "gnu++14";
				CLANG_CXX_LIBRARY = "libc++";
				CLANG_ENABLE_MODULES = YES;
				CLANG_ENABLE_OBJC_ARC = YES;
				CLANG_ENABLE_OBJC_WEAK = YES;
				CLANG_WARN_BLOCK_CAPTURE_AUTORELEASING = YES;
				CLANG_WARN_BOOL_CONVERSION = YES;
				CLANG_WARN_COMMA = YES;
				CLANG_WARN_CONSTANT_CONVERSION = YES;
				CLANG_WARN_DEPRECATED_OBJC_IMPLEMENTATIONS = YES;
				CLANG_WARN_DIRECT_OBJC_ISA_USAGE = YES_ERROR;
				CLANG_WARN_DOCUMENTATION_COMMENTS = YES;
				CLANG_WARN_EMPTY_BODY = YES;
				CLANG_WARN_ENUM_CONVERSION = YES;
				CLANG_WARN_INFINITE_RECURSION = YES;
				CLANG_WARN_INT_CONVERSION = YES;
				CLANG_WARN_NON_LITERAL_NULL_CONVERSION = YES;
				CLANG_WARN_OBJC_IMPLICIT_RETAIN_SELF = YES;
				CLANG_WARN_OBJC_LITERAL_CONVERSION = YES;
				CLANG_WARN_OBJC_ROOT_CLASS = YES_ERROR;
				CLANG_WARN_QUOTED_INCLUDE_IN_FRAMEWORK_HEADER = YES;
				CLANG_WARN_RANGE_LOOP_ANALYSIS = YES;
				CLANG_WARN_STRICT_PROTOTYPES = YES;
				CLANG_WARN_SUSPICIOUS_MOVE = YES;
				CLANG_WARN_UNGUARDED_AVAILABILITY = YES_AGGRESSIVE;
				CLANG_WARN_UNREACHABLE_CODE = YES;
				CLANG_WARN__DUPLICATE_METHOD_MATCH = YES;
				COPY_PHASE_STRIP = NO;
				DEBUG_INFORMATION_FORMAT = dwarf;
				ENABLE_STRICT_OBJC_MSGSEND = YES;
				ENABLE_TESTABILITY = YES;
				GCC_C_LANGUAGE_STANDARD = gnu11;
				GCC_DYNAMIC_NO_PIC = NO;
				GCC_NO_COMMON_BLOCKS = YES;
				GCC_OPTIMIZATION_LEVEL = 0;
				GCC_PREPROCESSOR_DEFINITIONS = (
					"DEBUG=1",
					"$(inherited)",
				);
				GCC_WARN_64_TO_32_BIT_CONVERSION = YES;
				GCC_WARN_ABOUT_RETURN_TYPE = YES_ERROR;
				GCC_WARN_UNDECLARED_SELECTOR = YES;
				GCC_WARN_UNINITIALIZED_AUTOS = YES_AGGRESSIVE;
				GCC_WARN_UNUSED_FUNCTION = YES;
				GCC_WARN_UNUSED_VARIABLE = YES;
				IPHONEOS_DEPLOYMENT_TARGET = 14.5;
				MTL_ENABLE_DEBUG_INFO = INCLUDE_SOURCE;
				MTL_FAST_MATH = YES;
				ONLY_ACTIVE_ARCH = YES;
				SDKROOT = iphoneos;
				SWIFT_ACTIVE_COMPILATION_CONDITIONS = DEBUG;
				SWIFT_OPTIMIZATION_LEVEL = "-Onone";
			};
			name = Debug;
		};
		DDB944AD27084CD50095570C /* Release */ = {
			isa = XCBuildConfiguration;
			buildSettings = {
				ALWAYS_SEARCH_USER_PATHS = NO;
				CLANG_ANALYZER_NONNULL = YES;
				CLANG_ANALYZER_NUMBER_OBJECT_CONVERSION = YES_AGGRESSIVE;
				CLANG_CXX_LANGUAGE_STANDARD = "gnu++14";
				CLANG_CXX_LIBRARY = "libc++";
				CLANG_ENABLE_MODULES = YES;
				CLANG_ENABLE_OBJC_ARC = YES;
				CLANG_ENABLE_OBJC_WEAK = YES;
				CLANG_WARN_BLOCK_CAPTURE_AUTORELEASING = YES;
				CLANG_WARN_BOOL_CONVERSION = YES;
				CLANG_WARN_COMMA = YES;
				CLANG_WARN_CONSTANT_CONVERSION = YES;
				CLANG_WARN_DEPRECATED_OBJC_IMPLEMENTATIONS = YES;
				CLANG_WARN_DIRECT_OBJC_ISA_USAGE = YES_ERROR;
				CLANG_WARN_DOCUMENTATION_COMMENTS = YES;
				CLANG_WARN_EMPTY_BODY = YES;
				CLANG_WARN_ENUM_CONVERSION = YES;
				CLANG_WARN_INFINITE_RECURSION = YES;
				CLANG_WARN_INT_CONVERSION = YES;
				CLANG_WARN_NON_LITERAL_NULL_CONVERSION = YES;
				CLANG_WARN_OBJC_IMPLICIT_RETAIN_SELF = YES;
				CLANG_WARN_OBJC_LITERAL_CONVERSION = YES;
				CLANG_WARN_OBJC_ROOT_CLASS = YES_ERROR;
				CLANG_WARN_QUOTED_INCLUDE_IN_FRAMEWORK_HEADER = YES;
				CLANG_WARN_RANGE_LOOP_ANALYSIS = YES;
				CLANG_WARN_STRICT_PROTOTYPES = YES;
				CLANG_WARN_SUSPICIOUS_MOVE = YES;
				CLANG_WARN_UNGUARDED_AVAILABILITY = YES_AGGRESSIVE;
				CLANG_WARN_UNREACHABLE_CODE = YES;
				CLANG_WARN__DUPLICATE_METHOD_MATCH = YES;
				COPY_PHASE_STRIP = NO;
				DEBUG_INFORMATION_FORMAT = "dwarf-with-dsym";
				ENABLE_NS_ASSERTIONS = NO;
				ENABLE_STRICT_OBJC_MSGSEND = YES;
				GCC_C_LANGUAGE_STANDARD = gnu11;
				GCC_NO_COMMON_BLOCKS = YES;
				GCC_WARN_64_TO_32_BIT_CONVERSION = YES;
				GCC_WARN_ABOUT_RETURN_TYPE = YES_ERROR;
				GCC_WARN_UNDECLARED_SELECTOR = YES;
				GCC_WARN_UNINITIALIZED_AUTOS = YES_AGGRESSIVE;
				GCC_WARN_UNUSED_FUNCTION = YES;
				GCC_WARN_UNUSED_VARIABLE = YES;
				IPHONEOS_DEPLOYMENT_TARGET = 14.5;
				MTL_ENABLE_DEBUG_INFO = NO;
				MTL_FAST_MATH = YES;
				SDKROOT = iphoneos;
				SWIFT_COMPILATION_MODE = wholemodule;
				SWIFT_OPTIMIZATION_LEVEL = "-O";
				VALIDATE_PRODUCT = YES;
			};
			name = Release;
		};
		DDB944AF27084CD50095570C /* Debug */ = {
			isa = XCBuildConfiguration;
			buildSettings = {
				ASSETCATALOG_COMPILER_APPICON_NAME = AppIcon;
				ASSETCATALOG_COMPILER_GLOBAL_ACCENT_COLOR_NAME = AccentColor;
				CODE_SIGN_STYLE = Automatic;
				INFOPLIST_FILE = "Youtube-Clone/Info.plist";
				LD_RUNPATH_SEARCH_PATHS = (
					"$(inherited)",
					"@executable_path/Frameworks",
				);
				PRODUCT_BUNDLE_IDENTIFIER = "com.ezidayzi.Youtube-Clone";
				PRODUCT_NAME = "$(TARGET_NAME)";
				SWIFT_VERSION = 5.0;
				TARGETED_DEVICE_FAMILY = "1,2";
			};
			name = Debug;
		};
		DDB944B027084CD50095570C /* Release */ = {
			isa = XCBuildConfiguration;
			buildSettings = {
				ASSETCATALOG_COMPILER_APPICON_NAME = AppIcon;
				ASSETCATALOG_COMPILER_GLOBAL_ACCENT_COLOR_NAME = AccentColor;
				CODE_SIGN_STYLE = Automatic;
				INFOPLIST_FILE = "Youtube-Clone/Info.plist";
				LD_RUNPATH_SEARCH_PATHS = (
					"$(inherited)",
					"@executable_path/Frameworks",
				);
				PRODUCT_BUNDLE_IDENTIFIER = "com.ezidayzi.Youtube-Clone";
				PRODUCT_NAME = "$(TARGET_NAME)";
				SWIFT_VERSION = 5.0;
				TARGETED_DEVICE_FAMILY = "1,2";
			};
			name = Release;
		};
/* End XCBuildConfiguration section */

/* Begin XCConfigurationList section */
		DDB9449527084CD40095570C /* Build configuration list for PBXProject "Youtube-Clone" */ = {
			isa = XCConfigurationList;
			buildConfigurations = (
				DDB944AC27084CD50095570C /* Debug */,
				DDB944AD27084CD50095570C /* Release */,
			);
			defaultConfigurationIsVisible = 0;
			defaultConfigurationName = Release;
		};
		DDB944AE27084CD50095570C /* Build configuration list for PBXNativeTarget "Youtube-Clone" */ = {
			isa = XCConfigurationList;
			buildConfigurations = (
				DDB944AF27084CD50095570C /* Debug */,
				DDB944B027084CD50095570C /* Release */,
			);
			defaultConfigurationIsVisible = 0;
			defaultConfigurationName = Release;
		};
/* End XCConfigurationList section */
	};
	rootObject = DDB9449227084CD40095570C /* Project object */;
}
